
Microsoft Visual Studio Solution File, Format Version 12.00
# Visual Studio Version 17
VisualStudioVersion = 17.8.34525.116
MinimumVisualStudioVersion = 10.0.40219.1
Project("{FAE04EC0-301F-11D3-BF4B-00C04F79EFBC}") = "TPP3", "TPP3\TPP3.csproj", "{8EF5FAE6-D280-4904-A5D2-AB6C6351CD97}"
EndProject
Global
	GlobalSection(SolutionConfigurationPlatforms) = preSolution
		Debug|Any CPU = Debug|Any CPU
		Release|Any CPU = Release|Any CPU
	EndGlobalSection
	GlobalSection(ProjectConfigurationPlatforms) = postSolution
		{8EF5FAE6-D280-4904-A5D2-AB6C6351CD97}.Debug|Any CPU.ActiveCfg = Debug|Any CPU
		{8EF5FAE6-D280-4904-A5D2-AB6C6351CD97}.Debug|Any CPU.Build.0 = Debug|Any CPU
		{8EF5FAE6-D280-4904-A5D2-AB6C6351CD97}.Release|Any CPU.ActiveCfg = Release|Any CPU
		{8EF5FAE6-D280-4904-A5D2-AB6C6351CD97}.Release|Any CPU.Build.0 = Release|Any CPU
	EndGlobalSection
	GlobalSection(SolutionProperties) = preSolution
		HideSolutionNode = FALSE
	EndGlobalSection
	GlobalSection(ExtensibilityGlobals) = postSolution
		SolutionGuid = {4C86FA8A-0C2A-4B10-90A7-E45BD95EDE2C}
	EndGlobalSection
EndGlobal
